// !$*UTF8*$!
{
	archiveVersion = 1;
	classes = {
	};
	objectVersion = 46;
	objects = {

/* Begin PBXBuildFile section */
		F9561BE51C1FC6B300F59699 /* DrawFace.cpp in Sources */ = {isa = PBXBuildFile; fileRef = F9561BE21C1FC6B300F59699 /* DrawFace.cpp */; };
		F9561BE61C1FC6B300F59699 /* OpenCV_CLM.cpp in Sources */ = {isa = PBXBuildFile; fileRef = F9561BE31C1FC6B300F59699 /* OpenCV_CLM.cpp */; };
		F9561C011C1FC6FF00F59699 /* tinystr.cpp in Sources */ = {isa = PBXBuildFile; fileRef = F9561BFA1C1FC6FF00F59699 /* tinystr.cpp */; };
		F9561C021C1FC6FF00F59699 /* tinyxml.cpp in Sources */ = {isa = PBXBuildFile; fileRef = F9561BFC1C1FC6FF00F59699 /* tinyxml.cpp */; };
		F9561C031C1FC6FF00F59699 /* tinyxmlerror.cpp in Sources */ = {isa = PBXBuildFile; fileRef = F9561BFE1C1FC6FF00F59699 /* tinyxmlerror.cpp */; };
		F9561C041C1FC6FF00F59699 /* tinyxmlparser.cpp in Sources */ = {isa = PBXBuildFile; fileRef = F9561BFF1C1FC6FF00F59699 /* tinyxmlparser.cpp */; };
		F9561C091C1FC73100F59699 /* QuadProg_3.cc in Sources */ = {isa = PBXBuildFile; fileRef = F9561C071C1FC73100F59699 /* QuadProg_3.cc */; };
		F9561C0A1C1FC73100F59699 /* QuadProg_136.cc in Sources */ = {isa = PBXBuildFile; fileRef = F9561C081C1FC73100F59699 /* QuadProg_136.cc */; };
		F9561C131C1FC86000F59699 /* loadModel.cpp in Sources */ = {isa = PBXBuildFile; fileRef = F9561C0B1C1FC86000F59699 /* loadModel.cpp */; };
		F9561C141C1FC86000F59699 /* makeInitial.cpp in Sources */ = {isa = PBXBuildFile; fileRef = F9561C0C1C1FC86000F59699 /* makeInitial.cpp */; };
		F9561C151C1FC86000F59699 /* optimize.cpp in Sources */ = {isa = PBXBuildFile; fileRef = F9561C0D1C1FC86000F59699 /* optimize.cpp */; };
		F9561C161C1FC86000F59699 /* search.cpp in Sources */ = {isa = PBXBuildFile; fileRef = F9561C0F1C1FC86000F59699 /* search.cpp */; };
		F9561C171C1FC86000F59699 /* svmSearch.cpp in Sources */ = {isa = PBXBuildFile; fileRef = F9561C101C1FC86000F59699 /* svmSearch.cpp */; };
		F9561C181C1FC86000F59699 /* utils.cpp in Sources */ = {isa = PBXBuildFile; fileRef = F9561C111C1FC86000F59699 /* utils.cpp */; };
		F9561C1C1C1FCC7E00F59699 /* omp.cpp in Sources */ = {isa = PBXBuildFile; fileRef = F9561C1A1C1FCC7E00F59699 /* omp.cpp */; };
		F9561C201C1FCFBE00F59699 /* libopencv_core.dylib in Frameworks */ = {isa = PBXBuildFile; fileRef = F9561C1E1C1FCFBE00F59699 /* libopencv_core.dylib */; };
		F9561C211C1FCFBE00F59699 /* libopencv_highgui.dylib in Frameworks */ = {isa = PBXBuildFile; fileRef = F9561C1F1C1FCFBE00F59699 /* libopencv_highgui.dylib */; };
		F9561C231C1FCFD900F59699 /* libopencv_objdetect.dylib in Frameworks */ = {isa = PBXBuildFile; fileRef = F9561C221C1FCFD900F59699 /* libopencv_objdetect.dylib */; };
		F9561C251C1FDC7100F59699 /* libopencv_imgproc.dylib in Frameworks */ = {isa = PBXBuildFile; fileRef = F9561C241C1FDC7100F59699 /* libopencv_imgproc.dylib */; };
		F9561C281C1FDD9700F59699 /* CLMModel.xml in CopyFiles */ = {isa = PBXBuildFile; fileRef = F9561C271C1FDD9500F59699 /* CLMModel.xml */; };
/* End PBXBuildFile section */

/* Begin PBXCopyFilesBuildPhase section */
		F9561BD51C1FC50000F59699 /* CopyFiles */ = {
			isa = PBXCopyFilesBuildPhase;
			buildActionMask = 12;
			dstPath = "";
			dstSubfolderSpec = 16;
			files = (
				F9561C281C1FDD9700F59699 /* CLMModel.xml in CopyFiles */,
			);
			runOnlyForDeploymentPostprocessing = 0;
		};
/* End PBXCopyFilesBuildPhase section */

/* Begin PBXFileReference section */
		D9B113311C2266F800D030D2 /* loadModel.h */ = {isa = PBXFileReference; lastKnownFileType = sourcecode.c.h; name = loadModel.h; path = CLM_Lib/loadModel.h; sourceTree = "<group>"; };
		D9B113321C22677600D030D2 /* makeInitial.h */ = {isa = PBXFileReference; lastKnownFileType = sourcecode.c.h; name = makeInitial.h; path = CLM_Lib/makeInitial.h; sourceTree = "<group>"; };
		D9B113331C22679700D030D2 /* optimize.h */ = {isa = PBXFileReference; lastKnownFileType = sourcecode.c.h; name = optimize.h; path = CLM_Lib/optimize.h; sourceTree = "<group>"; };
		D9B113341C22680100D030D2 /* search.h */ = {isa = PBXFileReference; lastKnownFileType = sourcecode.c.h; name = search.h; path = CLM_Lib/search.h; sourceTree = "<group>"; };
		D9B113351C22683500D030D2 /* utils.h */ = {isa = PBXFileReference; lastKnownFileType = sourcecode.c.h; name = utils.h; path = CLM_Lib/utils.h; sourceTree = "<group>"; };
		D9B113361C2268BA00D030D2 /* structs.h */ = {isa = PBXFileReference; lastKnownFileType = sourcecode.c.h; name = structs.h; path = CLM_Lib/structs.h; sourceTree = "<group>"; };
		D9B113371C2268F900D030D2 /* svmSearch.h */ = {isa = PBXFileReference; lastKnownFileType = sourcecode.c.h; name = svmSearch.h; path = CLM_Lib/svmSearch.h; sourceTree = "<group>"; };
		D9B113381C226A5E00D030D2 /* config.h */ = {isa = PBXFileReference; lastKnownFileType = sourcecode.c.h; name = config.h; path = CLM_Lib/config.h; sourceTree = "<group>"; };
		F9561BD71C1FC50000F59699 /* OpenCV-CLM */ = {isa = PBXFileReference; explicitFileType = "compiled.mach-o.executable"; includeInIndex = 0; path = "OpenCV-CLM"; sourceTree = BUILT_PRODUCTS_DIR; };
		F9561BE21C1FC6B300F59699 /* DrawFace.cpp */ = {isa = PBXFileReference; fileEncoding = 4; lastKnownFileType = sourcecode.cpp.cpp; path = DrawFace.cpp; sourceTree = "<group>"; };
		F9561BE31C1FC6B300F59699 /* OpenCV_CLM.cpp */ = {isa = PBXFileReference; fileEncoding = 4; lastKnownFileType = sourcecode.cpp.cpp; path = OpenCV_CLM.cpp; sourceTree = "<group>"; };
		F9561BFA1C1FC6FF00F59699 /* tinystr.cpp */ = {isa = PBXFileReference; fileEncoding = 4; lastKnownFileType = sourcecode.cpp.cpp; name = tinystr.cpp; path = tinyxml/tinystr.cpp; sourceTree = "<group>"; };
		F9561BFB1C1FC6FF00F59699 /* tinystr.h */ = {isa = PBXFileReference; fileEncoding = 4; lastKnownFileType = sourcecode.c.h; name = tinystr.h; path = tinyxml/tinystr.h; sourceTree = "<group>"; };
		F9561BFC1C1FC6FF00F59699 /* tinyxml.cpp */ = {isa = PBXFileReference; fileEncoding = 4; lastKnownFileType = sourcecode.cpp.cpp; name = tinyxml.cpp; path = tinyxml/tinyxml.cpp; sourceTree = "<group>"; };
		F9561BFD1C1FC6FF00F59699 /* tinyxml.h */ = {isa = PBXFileReference; fileEncoding = 4; lastKnownFileType = sourcecode.c.h; name = tinyxml.h; path = tinyxml/tinyxml.h; sourceTree = "<group>"; };
		F9561BFE1C1FC6FF00F59699 /* tinyxmlerror.cpp */ = {isa = PBXFileReference; fileEncoding = 4; lastKnownFileType = sourcecode.cpp.cpp; name = tinyxmlerror.cpp; path = tinyxml/tinyxmlerror.cpp; sourceTree = "<group>"; };
		F9561BFF1C1FC6FF00F59699 /* tinyxmlparser.cpp */ = {isa = PBXFileReference; fileEncoding = 4; lastKnownFileType = sourcecode.cpp.cpp; name = tinyxmlparser.cpp; path = tinyxml/tinyxmlparser.cpp; sourceTree = "<group>"; };
		F9561C071C1FC73100F59699 /* QuadProg_3.cc */ = {isa = PBXFileReference; fileEncoding = 4; lastKnownFileType = sourcecode.cpp.cpp; name = QuadProg_3.cc; path = "QuadProg++/QuadProg_3.cc"; sourceTree = "<group>"; };
		F9561C081C1FC73100F59699 /* QuadProg_136.cc */ = {isa = PBXFileReference; fileEncoding = 4; lastKnownFileType = sourcecode.cpp.cpp; name = QuadProg_136.cc; path = "QuadProg++/QuadProg_136.cc"; sourceTree = "<group>"; };
		F9561C0B1C1FC86000F59699 /* loadModel.cpp */ = {isa = PBXFileReference; fileEncoding = 4; lastKnownFileType = sourcecode.cpp.cpp; name = loadModel.cpp; path = CLM_Lib/loadModel.cpp; sourceTree = "<group>"; };
		F9561C0C1C1FC86000F59699 /* makeInitial.cpp */ = {isa = PBXFileReference; fileEncoding = 4; lastKnownFileType = sourcecode.cpp.cpp; name = makeInitial.cpp; path = CLM_Lib/makeInitial.cpp; sourceTree = "<group>"; };
		F9561C0D1C1FC86000F59699 /* optimize.cpp */ = {isa = PBXFileReference; fileEncoding = 4; lastKnownFileType = sourcecode.cpp.cpp; name = optimize.cpp; path = CLM_Lib/optimize.cpp; sourceTree = "<group>"; };
		F9561C0F1C1FC86000F59699 /* search.cpp */ = {isa = PBXFileReference; fileEncoding = 4; lastKnownFileType = sourcecode.cpp.cpp; name = search.cpp; path = CLM_Lib/search.cpp; sourceTree = "<group>"; };
		F9561C101C1FC86000F59699 /* svmSearch.cpp */ = {isa = PBXFileReference; fileEncoding = 4; lastKnownFileType = sourcecode.cpp.cpp; name = svmSearch.cpp; path = CLM_Lib/svmSearch.cpp; sourceTree = "<group>"; };
		F9561C111C1FC86000F59699 /* utils.cpp */ = {isa = PBXFileReference; fileEncoding = 4; lastKnownFileType = sourcecode.cpp.cpp; name = utils.cpp; path = CLM_Lib/utils.cpp; sourceTree = "<group>"; };
		F9561C121C1FC86000F59699 /* CLM.h */ = {isa = PBXFileReference; fileEncoding = 4; lastKnownFileType = sourcecode.c.h; name = CLM.h; path = CLM_Lib/CLM.h; sourceTree = "<group>"; };
		F9561C191C1FC99600F59699 /* QuadProg_136.hh */ = {isa = PBXFileReference; lastKnownFileType = sourcecode.cpp.h; name = QuadProg_136.hh; path = "QuadProg++/QuadProg_136.hh"; sourceTree = "<group>"; };
		F9561C1A1C1FCC7E00F59699 /* omp.cpp */ = {isa = PBXFileReference; fileEncoding = 4; lastKnownFileType = sourcecode.cpp.cpp; path = omp.cpp; sourceTree = "<group>"; };
		F9561C1B1C1FCC7E00F59699 /* omp.h */ = {isa = PBXFileReference; fileEncoding = 4; lastKnownFileType = sourcecode.c.h; path = omp.h; sourceTree = "<group>"; };
		F9561C1D1C1FCDD200F59699 /* QuadProg_3.hh */ = {isa = PBXFileReference; lastKnownFileType = sourcecode.cpp.h; name = QuadProg_3.hh; path = "QuadProg++/QuadProg_3.hh"; sourceTree = "<group>"; };
		F9561C1E1C1FCFBE00F59699 /* libopencv_core.dylib */ = {isa = PBXFileReference; lastKnownFileType = "compiled.mach-o.dylib"; name = libopencv_core.dylib; path = ../../../../usr/local/Cellar/opencv/2.4.12/lib/libopencv_core.dylib; sourceTree = "<group>"; };
		F9561C1F1C1FCFBE00F59699 /* libopencv_highgui.dylib */ = {isa = PBXFileReference; lastKnownFileType = "compiled.mach-o.dylib"; name = libopencv_highgui.dylib; path = ../../../../usr/local/Cellar/opencv/2.4.12/lib/libopencv_highgui.dylib; sourceTree = "<group>"; };
		F9561C221C1FCFD900F59699 /* libopencv_objdetect.dylib */ = {isa = PBXFileReference; lastKnownFileType = "compiled.mach-o.dylib"; name = libopencv_objdetect.dylib; path = ../../../../usr/local/Cellar/opencv/2.4.12/lib/libopencv_objdetect.dylib; sourceTree = "<group>"; };
		F9561C241C1FDC7100F59699 /* libopencv_imgproc.dylib */ = {isa = PBXFileReference; lastKnownFileType = "compiled.mach-o.dylib"; name = libopencv_imgproc.dylib; path = ../../../../usr/local/Cellar/opencv/2.4.12/lib/libopencv_imgproc.dylib; sourceTree = "<group>"; };
		F9561C271C1FDD9500F59699 /* CLMModel.xml */ = {isa = PBXFileReference; lastKnownFileType = text.xml; path = CLMModel.xml; sourceTree = "<group>"; };
/* End PBXFileReference section */

/* Begin PBXFrameworksBuildPhase section */
		F9561BD41C1FC50000F59699 /* Frameworks */ = {
			isa = PBXFrameworksBuildPhase;
			buildActionMask = 2147483647;
			files = (
				F9561C201C1FCFBE00F59699 /* libopencv_core.dylib in Frameworks */,
				F9561C231C1FCFD900F59699 /* libopencv_objdetect.dylib in Frameworks */,
				F9561C211C1FCFBE00F59699 /* libopencv_highgui.dylib in Frameworks */,
				F9561C251C1FDC7100F59699 /* libopencv_imgproc.dylib in Frameworks */,
			);
			runOnlyForDeploymentPostprocessing = 0;
		};
/* End PBXFrameworksBuildPhase section */

/* Begin PBXGroup section */
		F9561BCE1C1FC50000F59699 = {
			isa = PBXGroup;
			children = (
				F9561C241C1FDC7100F59699 /* libopencv_imgproc.dylib */,
				F9561C1E1C1FCFBE00F59699 /* libopencv_core.dylib */,
				F9561C1F1C1FCFBE00F59699 /* libopencv_highgui.dylib */,
				F9561C221C1FCFD900F59699 /* libopencv_objdetect.dylib */,
				F9561BD91C1FC50000F59699 /* OpenCV-CLM */,
				F9561BD81C1FC50000F59699 /* Products */,
			);
			sourceTree = "<group>";
		};
		F9561BD81C1FC50000F59699 /* Products */ = {
			isa = PBXGroup;
			children = (
				F9561BD71C1FC50000F59699 /* OpenCV-CLM */,
			);
			name = Products;
			sourceTree = "<group>";
		};
		F9561BD91C1FC50000F59699 /* OpenCV-CLM */ = {
			isa = PBXGroup;
			children = (
				F9561C261C1FDD9500F59699 /* Resources */,
				F9561C061C1FC71500F59699 /* QuadProg */,
				F9561BF91C1FC6E300F59699 /* TinyXML */,
				F9561BEA1C1FC6D100F59699 /* CLM_Lib */,
				F9561BE81C1FC6B600F59699 /* Header Files */,
				F9561BE11C1FC67F00F59699 /* Source Files */,
			);
			path = "OpenCV-CLM";
			sourceTree = "<group>";
		};
		F9561BE11C1FC67F00F59699 /* Source Files */ = {
			isa = PBXGroup;
			children = (
				F9561BE21C1FC6B300F59699 /* DrawFace.cpp */,
				F9561BE31C1FC6B300F59699 /* OpenCV_CLM.cpp */,
			);
			name = "Source Files";
			sourceTree = "<group>";
		};
		F9561BE81C1FC6B600F59699 /* Header Files */ = {
			isa = PBXGroup;
			children = (
				F9561C1A1C1FCC7E00F59699 /* omp.cpp */,
				F9561C1B1C1FCC7E00F59699 /* omp.h */,
			);
			name = "Header Files";
			sourceTree = "<group>";
		};
		F9561BEA1C1FC6D100F59699 /* CLM_Lib */ = {
			isa = PBXGroup;
			children = (
				F9561C121C1FC86000F59699 /* CLM.h */,
				D9B113381C226A5E00D030D2 /* config.h */,
				D9B113361C2268BA00D030D2 /* structs.h */,
				F9561C0B1C1FC86000F59699 /* loadModel.cpp */,
				D9B113311C2266F800D030D2 /* loadModel.h */,
				F9561C0C1C1FC86000F59699 /* makeInitial.cpp */,
				D9B113321C22677600D030D2 /* makeInitial.h */,
				F9561C0D1C1FC86000F59699 /* optimize.cpp */,
				D9B113331C22679700D030D2 /* optimize.h */,
				F9561C0F1C1FC86000F59699 /* search.cpp */,
				D9B113341C22680100D030D2 /* search.h */,
				F9561C101C1FC86000F59699 /* svmSearch.cpp */,
				D9B113371C2268F900D030D2 /* svmSearch.h */,
				F9561C111C1FC86000F59699 /* utils.cpp */,
				D9B113351C22683500D030D2 /* utils.h */,
			);
			name = CLM_Lib;
			sourceTree = "<group>";
		};
		F9561BF91C1FC6E300F59699 /* TinyXML */ = {
			isa = PBXGroup;
			children = (
				F9561BFA1C1FC6FF00F59699 /* tinystr.cpp */,
				F9561BFB1C1FC6FF00F59699 /* tinystr.h */,
				F9561BFC1C1FC6FF00F59699 /* tinyxml.cpp */,
				F9561BFD1C1FC6FF00F59699 /* tinyxml.h */,
				F9561BFE1C1FC6FF00F59699 /* tinyxmlerror.cpp */,
				F9561BFF1C1FC6FF00F59699 /* tinyxmlparser.cpp */,
			);
			name = TinyXML;
			sourceTree = "<group>";
		};
		F9561C061C1FC71500F59699 /* QuadProg */ = {
			isa = PBXGroup;
			children = (
				F9561C191C1FC99600F59699 /* QuadProg_136.hh */,
				F9561C071C1FC73100F59699 /* QuadProg_3.cc */,
				F9561C1D1C1FCDD200F59699 /* QuadProg_3.hh */,
				F9561C081C1FC73100F59699 /* QuadProg_136.cc */,
			);
			name = QuadProg;
			sourceTree = "<group>";
		};
		F9561C261C1FDD9500F59699 /* Resources */ = {
			isa = PBXGroup;
			children = (
				F9561C271C1FDD9500F59699 /* CLMModel.xml */,
			);
			path = Resources;
			sourceTree = "<group>";
		};
/* End PBXGroup section */

/* Begin PBXNativeTarget section */
		F9561BD61C1FC50000F59699 /* OpenCV-CLM */ = {
			isa = PBXNativeTarget;
			buildConfigurationList = F9561BDE1C1FC50000F59699 /* Build configuration list for PBXNativeTarget "OpenCV-CLM" */;
			buildPhases = (
				F9561BD31C1FC50000F59699 /* Sources */,
				F9561BD41C1FC50000F59699 /* Frameworks */,
				F9561BD51C1FC50000F59699 /* CopyFiles */,
			);
			buildRules = (
			);
			dependencies = (
			);
			name = "OpenCV-CLM";
			productName = "OpenCV-CLM";
			productReference = F9561BD71C1FC50000F59699 /* OpenCV-CLM */;
			productType = "com.apple.product-type.tool";
		};
/* End PBXNativeTarget section */

/* Begin PBXProject section */
		F9561BCF1C1FC50000F59699 /* Project object */ = {
			isa = PBXProject;
			attributes = {
				LastUpgradeCheck = 0720;
				ORGANIZATIONNAME = "";
				TargetAttributes = {
					F9561BD61C1FC50000F59699 = {
						CreatedOnToolsVersion = 7.2;
					};
				};
			};
			buildConfigurationList = F9561BD21C1FC50000F59699 /* Build configuration list for PBXProject "OpenCV-CLM" */;
			compatibilityVersion = "Xcode 3.2";
			developmentRegion = English;
			hasScannedForEncodings = 0;
			knownRegions = (
				en,
			);
			mainGroup = F9561BCE1C1FC50000F59699;
			productRefGroup = F9561BD81C1FC50000F59699 /* Products */;
			projectDirPath = "";
			projectRoot = "";
			targets = (
				F9561BD61C1FC50000F59699 /* OpenCV-CLM */,
			);
		};
/* End PBXProject section */

/* Begin PBXSourcesBuildPhase section */
		F9561BD31C1FC50000F59699 /* Sources */ = {
			isa = PBXSourcesBuildPhase;
			buildActionMask = 2147483647;
			files = (
				F9561C021C1FC6FF00F59699 /* tinyxml.cpp in Sources */,
				F9561BE61C1FC6B300F59699 /* OpenCV_CLM.cpp in Sources */,
				F9561C131C1FC86000F59699 /* loadModel.cpp in Sources */,
				F9561C091C1FC73100F59699 /* QuadProg_3.cc in Sources */,
				F9561C181C1FC86000F59699 /* utils.cpp in Sources */,
				F9561C1C1C1FCC7E00F59699 /* omp.cpp in Sources */,
				F9561C151C1FC86000F59699 /* optimize.cpp in Sources */,
				F9561BE51C1FC6B300F59699 /* DrawFace.cpp in Sources */,
				F9561C161C1FC86000F59699 /* search.cpp in Sources */,
				F9561C171C1FC86000F59699 /* svmSearch.cpp in Sources */,
				F9561C041C1FC6FF00F59699 /* tinyxmlparser.cpp in Sources */,
				F9561C011C1FC6FF00F59699 /* tinystr.cpp in Sources */,
				F9561C0A1C1FC73100F59699 /* QuadProg_136.cc in Sources */,
				F9561C141C1FC86000F59699 /* makeInitial.cpp in Sources */,
				F9561C031C1FC6FF00F59699 /* tinyxmlerror.cpp in Sources */,
			);
			runOnlyForDeploymentPostprocessing = 0;
		};
/* End PBXSourcesBuildPhase section */

/* Begin XCBuildConfiguration section */
		F9561BDC1C1FC50000F59699 /* Debug */ = {
			isa = XCBuildConfiguration;
			buildSettings = {
				ALWAYS_SEARCH_USER_PATHS = NO;
				CLANG_CXX_LANGUAGE_STANDARD = "gnu++0x";
				CLANG_CXX_LIBRARY = "libc++";
				CLANG_ENABLE_MODULES = YES;
				CLANG_ENABLE_OBJC_ARC = YES;
				CLANG_WARN_BOOL_CONVERSION = YES;
				CLANG_WARN_CONSTANT_CONVERSION = YES;
				CLANG_WARN_DIRECT_OBJC_ISA_USAGE = YES_ERROR;
				CLANG_WARN_EMPTY_BODY = YES;
				CLANG_WARN_ENUM_CONVERSION = YES;
				CLANG_WARN_INT_CONVERSION = YES;
				CLANG_WARN_OBJC_ROOT_CLASS = YES_ERROR;
				CLANG_WARN_UNREACHABLE_CODE = YES;
				CLANG_WARN__DUPLICATE_METHOD_MATCH = YES;
				CODE_SIGN_IDENTITY = "-";
				COPY_PHASE_STRIP = NO;
				DEBUG_INFORMATION_FORMAT = dwarf;
				ENABLE_STRICT_OBJC_MSGSEND = YES;
				ENABLE_TESTABILITY = YES;
				GCC_C_LANGUAGE_STANDARD = gnu99;
				GCC_DYNAMIC_NO_PIC = NO;
				GCC_NO_COMMON_BLOCKS = YES;
				GCC_OPTIMIZATION_LEVEL = 0;
				GCC_PREPROCESSOR_DEFINITIONS = (
					"DEBUG=1",
					"$(inherited)",
				);
				GCC_WARN_64_TO_32_BIT_CONVERSION = YES;
				GCC_WARN_ABOUT_RETURN_TYPE = YES_ERROR;
				GCC_WARN_UNDECLARED_SELECTOR = YES;
				GCC_WARN_UNINITIALIZED_AUTOS = YES_AGGRESSIVE;
				GCC_WARN_UNUSED_FUNCTION = YES;
				GCC_WARN_UNUSED_VARIABLE = YES;
				MACOSX_DEPLOYMENT_TARGET = 10.11;
				MTL_ENABLE_DEBUG_INFO = YES;
				ONLY_ACTIVE_ARCH = YES;
				SDKROOT = macosx;
			};
			name = Debug;
		};
		F9561BDD1C1FC50000F59699 /* Release */ = {
			isa = XCBuildConfiguration;
			buildSettings = {
				ALWAYS_SEARCH_USER_PATHS = NO;
				CLANG_CXX_LANGUAGE_STANDARD = "gnu++0x";
				CLANG_CXX_LIBRARY = "libc++";
				CLANG_ENABLE_MODULES = YES;
				CLANG_ENABLE_OBJC_ARC = YES;
				CLANG_WARN_BOOL_CONVERSION = YES;
				CLANG_WARN_CONSTANT_CONVERSION = YES;
				CLANG_WARN_DIRECT_OBJC_ISA_USAGE = YES_ERROR;
				CLANG_WARN_EMPTY_BODY = YES;
				CLANG_WARN_ENUM_CONVERSION = YES;
				CLANG_WARN_INT_CONVERSION = YES;
				CLANG_WARN_OBJC_ROOT_CLASS = YES_ERROR;
				CLANG_WARN_UNREACHABLE_CODE = YES;
				CLANG_WARN__DUPLICATE_METHOD_MATCH = YES;
				CODE_SIGN_IDENTITY = "-";
				COPY_PHASE_STRIP = NO;
				DEBUG_INFORMATION_FORMAT = "dwarf-with-dsym";
				ENABLE_NS_ASSERTIONS = NO;
				ENABLE_STRICT_OBJC_MSGSEND = YES;
				GCC_C_LANGUAGE_STANDARD = gnu99;
				GCC_NO_COMMON_BLOCKS = YES;
				GCC_WARN_64_TO_32_BIT_CONVERSION = YES;
				GCC_WARN_ABOUT_RETURN_TYPE = YES_ERROR;
				GCC_WARN_UNDECLARED_SELECTOR = YES;
				GCC_WARN_UNINITIALIZED_AUTOS = YES_AGGRESSIVE;
				GCC_WARN_UNUSED_FUNCTION = YES;
				GCC_WARN_UNUSED_VARIABLE = YES;
				MACOSX_DEPLOYMENT_TARGET = 10.11;
				MTL_ENABLE_DEBUG_INFO = NO;
				SDKROOT = macosx;
			};
			name = Release;
		};
		F9561BDF1C1FC50000F59699 /* Debug */ = {
			isa = XCBuildConfiguration;
			buildSettings = {
				HEADER_SEARCH_PATHS = "/usr/local/Cellar/opencv/**";
				LIBRARY_SEARCH_PATHS = (
					"$(inherited)",
					/usr/local/Cellar/opencv/2.4.12/lib,
				);
				PRODUCT_NAME = "$(TARGET_NAME)";
			};
			name = Debug;
		};
		F9561BE01C1FC50000F59699 /* Release */ = {
			isa = XCBuildConfiguration;
			buildSettings = {
				HEADER_SEARCH_PATHS = "/usr/local/Cellar/opencv/**";
				LIBRARY_SEARCH_PATHS = (
					"$(inherited)",
					/usr/local/Cellar/opencv/2.4.12/lib,
				);
				PRODUCT_NAME = "$(TARGET_NAME)";
			};
			name = Release;
		};
/* End XCBuildConfiguration section */

/* Begin XCConfigurationList section */
		F9561BD21C1FC50000F59699 /* Build configuration list for PBXProject "OpenCV-CLM" */ = {
			isa = XCConfigurationList;
			buildConfigurations = (
				F9561BDC1C1FC50000F59699 /* Debug */,
				F9561BDD1C1FC50000F59699 /* Release */,
			);
			defaultConfigurationIsVisible = 0;
			defaultConfigurationName = Release;
		};
		F9561BDE1C1FC50000F59699 /* Build configuration list for PBXNativeTarget "OpenCV-CLM" */ = {
			isa = XCConfigurationList;
			buildConfigurations = (
				F9561BDF1C1FC50000F59699 /* Debug */,
				F9561BE01C1FC50000F59699 /* Release */,
			);
			defaultConfigurationIsVisible = 0;
			defaultConfigurationName = Release;
		};
/* End XCConfigurationList section */
	};
	rootObject = F9561BCF1C1FC50000F59699 /* Project object */;
}
